
Microsoft Visual Studio Solution File, Format Version 12.00
# Visual Studio Version 16
VisualStudioVersion = 16.0.29509.3
MinimumVisualStudioVersion = 10.0.40219.1
Project("{8BC9CEB8-8B4A-11D0-8D11-00A0C91BC942}") = "Huffman_coding", "Huffman_coding.vcxproj", "{D17420AF-8215-4240-9FB6-0AA6925C90FA}"
EndProject
Project("{8BC9CEB8-8B4A-11D0-8D11-00A0C91BC942}") = "Coding_tests", "Coding_tests\Coding_tests.vcxproj", "{BEFF850B-D6D0-4695-A261-6E2F48DFEA6D}"
EndProject
Global
	GlobalSection(SolutionConfigurationPlatforms) = preSolution
		Debug|x64 = Debug|x64
		Debug|x86 = Debug|x86
		Release|x64 = Release|x64
		Release|x86 = Release|x86
	EndGlobalSection
	GlobalSection(ProjectConfigurationPlatforms) = postSolution
		{D17420AF-8215-4240-9FB6-0AA6925C90FA}.Debug|x64.ActiveCfg = Debug|x64
		{D17420AF-8215-4240-9FB6-0AA6925C90FA}.Debug|x64.Build.0 = Debug|x64
		{D17420AF-8215-4240-9FB6-0AA6925C90FA}.Debug|x86.ActiveCfg = Debug|Win32
		{D17420AF-8215-4240-9FB6-0AA6925C90FA}.Debug|x86.Build.0 = Debug|Win32
		{D17420AF-8215-4240-9FB6-0AA6925C90FA}.Release|x64.ActiveCfg = Release|x64
		{D17420AF-8215-4240-9FB6-0AA6925C90FA}.Release|x64.Build.0 = Release|x64
		{D17420AF-8215-4240-9FB6-0AA6925C90FA}.Release|x86.ActiveCfg = Release|Win32
		{D17420AF-8215-4240-9FB6-0AA6925C90FA}.Release|x86.Build.0 = Release|Win32
		{BEFF850B-D6D0-4695-A261-6E2F48DFEA6D}.Debug|x64.ActiveCfg = Debug|x64
		{BEFF850B-D6D0-4695-A261-6E2F48DFEA6D}.Debug|x64.Build.0 = Debug|x64
		{BEFF850B-D6D0-4695-A261-6E2F48DFEA6D}.Debug|x86.ActiveCfg = Debug|Win32
		{BEFF850B-D6D0-4695-A261-6E2F48DFEA6D}.Debug|x86.Build.0 = Debug|Win32
		{BEFF850B-D6D0-4695-A261-6E2F48DFEA6D}.Release|x64.ActiveCfg = Release|x64
		{BEFF850B-D6D0-4695-A261-6E2F48DFEA6D}.Release|x64.Build.0 = Release|x64
		{BEFF850B-D6D0-4695-A261-6E2F48DFEA6D}.Release|x86.ActiveCfg = Release|Win32
		{BEFF850B-D6D0-4695-A261-6E2F48DFEA6D}.Release|x86.Build.0 = Release|Win32
	EndGlobalSection
	GlobalSection(SolutionProperties) = preSolution
		HideSolutionNode = FALSE
	EndGlobalSection
	GlobalSection(ExtensibilityGlobals) = postSolution
		SolutionGuid = {1D76AD80-2D2C-417B-8C8F-6A40D44E3518}
	EndGlobalSection
EndGlobal
